
Microsoft Visual Studio Solution File, Format Version 12.00
# Visual Studio Version 17
VisualStudioVersion = 17.0.31903.59
MinimumVisualStudioVersion = 10.0.40219.1
Project("{2150E333-8FDC-42A3-9474-1A3956D46DE8}") = "Source", "Source", "{B8EFCA5F-814F-285C-A8CB-F00F14650265}"
EndProject
Project("{FAE04EC0-301F-11D3-BF4B-00C04F79EFBC}") = "Domain", "Source\Domain\Domain.csproj", "{34F67B64-A1DA-48AB-BA27-36989CDA70BE}"
EndProject
Project("{FAE04EC0-301F-11D3-BF4B-00C04F79EFBC}") = "Application", "Source\Application\Application.csproj", "{36966845-E8DC-4D17-B024-D6A449D32653}"
EndProject
Project("{FAE04EC0-301F-11D3-BF4B-00C04F79EFBC}") = "Infrastructure", "Source\Infrastructure\Infrastructure.csproj", "{1EFE665F-7D81-403A-9131-F5965C5DF549}"
EndProject
Project("{FAE04EC0-301F-11D3-BF4B-00C04F79EFBC}") = "Web", "Source\Web\Web.csproj", "{E397F5A9-22F9-44E3-9845-52F149970643}"
EndProject
Global
	GlobalSection(SolutionConfigurationPlatforms) = preSolution
		Debug|Any CPU = Debug|Any CPU
		Debug|x64 = Debug|x64
		Debug|x86 = Debug|x86
		Release|Any CPU = Release|Any CPU
		Release|x64 = Release|x64
		Release|x86 = Release|x86
	EndGlobalSection
	GlobalSection(ProjectConfigurationPlatforms) = postSolution
		{34F67B64-A1DA-48AB-BA27-36989CDA70BE}.Debug|Any CPU.ActiveCfg = Debug|Any CPU
		{34F67B64-A1DA-48AB-BA27-36989CDA70BE}.Debug|Any CPU.Build.0 = Debug|Any CPU
		{34F67B64-A1DA-48AB-BA27-36989CDA70BE}.Debug|x64.ActiveCfg = Debug|Any CPU
		{34F67B64-A1DA-48AB-BA27-36989CDA70BE}.Debug|x64.Build.0 = Debug|Any CPU
		{34F67B64-A1DA-48AB-BA27-36989CDA70BE}.Debug|x86.ActiveCfg = Debug|Any CPU
		{34F67B64-A1DA-48AB-BA27-36989CDA70BE}.Debug|x86.Build.0 = Debug|Any CPU
		{34F67B64-A1DA-48AB-BA27-36989CDA70BE}.Release|Any CPU.ActiveCfg = Release|Any CPU
		{34F67B64-A1DA-48AB-BA27-36989CDA70BE}.Release|Any CPU.Build.0 = Release|Any CPU
		{34F67B64-A1DA-48AB-BA27-36989CDA70BE}.Release|x64.ActiveCfg = Release|Any CPU
		{34F67B64-A1DA-48AB-BA27-36989CDA70BE}.Release|x64.Build.0 = Release|Any CPU
		{34F67B64-A1DA-48AB-BA27-36989CDA70BE}.Release|x86.ActiveCfg = Release|Any CPU
		{34F67B64-A1DA-48AB-BA27-36989CDA70BE}.Release|x86.Build.0 = Release|Any CPU
		{36966845-E8DC-4D17-B024-D6A449D32653}.Debug|Any CPU.ActiveCfg = Debug|Any CPU
		{36966845-E8DC-4D17-B024-D6A449D32653}.Debug|Any CPU.Build.0 = Debug|Any CPU
		{36966845-E8DC-4D17-B024-D6A449D32653}.Debug|x64.ActiveCfg = Debug|Any CPU
		{36966845-E8DC-4D17-B024-D6A449D32653}.Debug|x64.Build.0 = Debug|Any CPU
		{36966845-E8DC-4D17-B024-D6A449D32653}.Debug|x86.ActiveCfg = Debug|Any CPU
		{36966845-E8DC-4D17-B024-D6A449D32653}.Debug|x86.Build.0 = Debug|Any CPU
		{36966845-E8DC-4D17-B024-D6A449D32653}.Release|Any CPU.ActiveCfg = Release|Any CPU
		{36966845-E8DC-4D17-B024-D6A449D32653}.Release|Any CPU.Build.0 = Release|Any CPU
		{36966845-E8DC-4D17-B024-D6A449D32653}.Release|x64.ActiveCfg = Release|Any CPU
		{36966845-E8DC-4D17-B024-D6A449D32653}.Release|x64.Build.0 = Release|Any CPU
		{36966845-E8DC-4D17-B024-D6A449D32653}.Release|x86.ActiveCfg = Release|Any CPU
		{36966845-E8DC-4D17-B024-D6A449D32653}.Release|x86.Build.0 = Release|Any CPU
		{1EFE665F-7D81-403A-9131-F5965C5DF549}.Debug|Any CPU.ActiveCfg = Debug|Any CPU
		{1EFE665F-7D81-403A-9131-F5965C5DF549}.Debug|Any CPU.Build.0 = Debug|Any CPU
		{1EFE665F-7D81-403A-9131-F5965C5DF549}.Debug|x64.ActiveCfg = Debug|Any CPU
		{1EFE665F-7D81-403A-9131-F5965C5DF549}.Debug|x64.Build.0 = Debug|Any CPU
		{1EFE665F-7D81-403A-9131-F5965C5DF549}.Debug|x86.ActiveCfg = Debug|Any CPU
		{1EFE665F-7D81-403A-9131-F5965C5DF549}.Debug|x86.Build.0 = Debug|Any CPU
		{1EFE665F-7D81-403A-9131-F5965C5DF549}.Release|Any CPU.ActiveCfg = Release|Any CPU
		{1EFE665F-7D81-403A-9131-F5965C5DF549}.Release|Any CPU.Build.0 = Release|Any CPU
		{1EFE665F-7D81-403A-9131-F5965C5DF549}.Release|x64.ActiveCfg = Release|Any CPU
		{1EFE665F-7D81-403A-9131-F5965C5DF549}.Release|x64.Build.0 = Release|Any CPU
		{1EFE665F-7D81-403A-9131-F5965C5DF549}.Release|x86.ActiveCfg = Release|Any CPU
		{1EFE665F-7D81-403A-9131-F5965C5DF549}.Release|x86.Build.0 = Release|Any CPU
		{E397F5A9-22F9-44E3-9845-52F149970643}.Debug|Any CPU.ActiveCfg = Debug|Any CPU
		{E397F5A9-22F9-44E3-9845-52F149970643}.Debug|Any CPU.Build.0 = Debug|Any CPU
		{E397F5A9-22F9-44E3-9845-52F149970643}.Debug|x64.ActiveCfg = Debug|Any CPU
		{E397F5A9-22F9-44E3-9845-52F149970643}.Debug|x64.Build.0 = Debug|Any CPU
		{E397F5A9-22F9-44E3-9845-52F149970643}.Debug|x86.ActiveCfg = Debug|Any CPU
		{E397F5A9-22F9-44E3-9845-52F149970643}.Debug|x86.Build.0 = Debug|Any CPU
		{E397F5A9-22F9-44E3-9845-52F149970643}.Release|Any CPU.ActiveCfg = Release|Any CPU
		{E397F5A9-22F9-44E3-9845-52F149970643}.Release|Any CPU.Build.0 = Release|Any CPU
		{E397F5A9-22F9-44E3-9845-52F149970643}.Release|x64.ActiveCfg = Release|Any CPU
		{E397F5A9-22F9-44E3-9845-52F149970643}.Release|x64.Build.0 = Release|Any CPU
		{E397F5A9-22F9-44E3-9845-52F149970643}.Release|x86.ActiveCfg = Release|Any CPU
		{E397F5A9-22F9-44E3-9845-52F149970643}.Release|x86.Build.0 = Release|Any CPU
	EndGlobalSection
	GlobalSection(SolutionProperties) = preSolution
		HideSolutionNode = FALSE
	EndGlobalSection
	GlobalSection(NestedProjects) = preSolution
		{34F67B64-A1DA-48AB-BA27-36989CDA70BE} = {B8EFCA5F-814F-285C-A8CB-F00F14650265}
		{36966845-E8DC-4D17-B024-D6A449D32653} = {B8EFCA5F-814F-285C-A8CB-F00F14650265}
		{1EFE665F-7D81-403A-9131-F5965C5DF549} = {B8EFCA5F-814F-285C-A8CB-F00F14650265}
		{E397F5A9-22F9-44E3-9845-52F149970643} = {B8EFCA5F-814F-285C-A8CB-F00F14650265}
	EndGlobalSection
EndGlobal
